
Microsoft Visual Studio Solution File, Format Version 12.00
# Visual Studio Version 16
VisualStudioVersion = 16.0.31005.135
MinimumVisualStudioVersion = 10.0.40219.1
Project("{FAE04EC0-301F-11D3-BF4B-00C04F79EFBC}") = "TestConsoleApp", "TestConsoleApp\TestConsoleApp.csproj", "{46E42A79-9189-40D9-B693-9A26BFA64D52}"
EndProject
Global
	GlobalSection(SolutionConfigurationPlatforms) = preSolution
		Debug|Any CPU = Debug|Any CPU
		Release|Any CPU = Release|Any CPU
	EndGlobalSection
	GlobalSection(ProjectConfigurationPlatforms) = postSolution
		{46E42A79-9189-40D9-B693-9A26BFA64D52}.Debug|Any CPU.ActiveCfg = Debug|Any CPU
		{46E42A79-9189-40D9-B693-9A26BFA64D52}.Debug|Any CPU.Build.0 = Debug|Any CPU
		{46E42A79-9189-40D9-B693-9A26BFA64D52}.Release|Any CPU.ActiveCfg = Release|Any CPU
		{46E42A79-9189-40D9-B693-9A26BFA64D52}.Release|Any CPU.Build.0 = Release|Any CPU
	EndGlobalSection
	GlobalSection(SolutionProperties) = preSolution
		HideSolutionNode = FALSE
	EndGlobalSection
	GlobalSection(ExtensibilityGlobals) = postSolution
		SolutionGuid = {A7B0534E-E5EF-46EC-910E-A3E2816584B8}
	EndGlobalSection
EndGlobal
